
Microsoft Visual Studio Solution File, Format Version 12.00
# Visual Studio Version 17
VisualStudioVersion = 17.2.32616.157
MinimumVisualStudioVersion = 10.0.40219.1
Project("{FAE04EC0-301F-11D3-BF4B-00C04F79EFBC}") = "DeskBooking.Core", "TDDWithMock\DeskBooking.Core.csproj", "{DA230081-6336-4929-9E29-BC7573449C82}"
EndProject
Project("{FAE04EC0-301F-11D3-BF4B-00C04F79EFBC}") = "DeskBooking.Core.Tests", "DeskBooking.Core.Tests\DeskBooking.Core.Tests.csproj", "{04F86F54-1FDA-43B8-A425-105D341ADA1F}"
EndProject
Global
	GlobalSection(SolutionConfigurationPlatforms) = preSolution
		Debug|Any CPU = Debug|Any CPU
		Release|Any CPU = Release|Any CPU
	EndGlobalSection
	GlobalSection(ProjectConfigurationPlatforms) = postSolution
		{DA230081-6336-4929-9E29-BC7573449C82}.Debug|Any CPU.ActiveCfg = Debug|Any CPU
		{DA230081-6336-4929-9E29-BC7573449C82}.Debug|Any CPU.Build.0 = Debug|Any CPU
		{DA230081-6336-4929-9E29-BC7573449C82}.Release|Any CPU.ActiveCfg = Release|Any CPU
		{DA230081-6336-4929-9E29-BC7573449C82}.Release|Any CPU.Build.0 = Release|Any CPU
		{04F86F54-1FDA-43B8-A425-105D341ADA1F}.Debug|Any CPU.ActiveCfg = Debug|Any CPU
		{04F86F54-1FDA-43B8-A425-105D341ADA1F}.Debug|Any CPU.Build.0 = Debug|Any CPU
		{04F86F54-1FDA-43B8-A425-105D341ADA1F}.Release|Any CPU.ActiveCfg = Release|Any CPU
		{04F86F54-1FDA-43B8-A425-105D341ADA1F}.Release|Any CPU.Build.0 = Release|Any CPU
	EndGlobalSection
	GlobalSection(SolutionProperties) = preSolution
		HideSolutionNode = FALSE
	EndGlobalSection
	GlobalSection(ExtensibilityGlobals) = postSolution
		SolutionGuid = {3A3BA231-2836-4817-A583-01956C3E8384}
	EndGlobalSection
EndGlobal
